PODS:
  - YYMUIKit (0.1.0)

DEPENDENCIES:
  - YYMUIKit (from `./DevelopmentPods/YYMUIKit`)

EXTERNAL SOURCES:
  YYMUIKit:
    :path: "./DevelopmentPods/YYMUIKit"

SPEC CHECKSUMS:
  YYMUIKit: 73680213087d3d1aa78826772d039fa1032aa2ac

PODFILE CHECKSUM: 8697815169366b94508089b0824deb803a902d4e

COCOAPODS: 1.10.1
